// !$*UTF8*$!
{
	archiveVersion = 1;
	classes = {
	};
	objectVersion = 51;
	objects = {

/* Begin PBXBuildFile section */
		113720A425F2770100663423 /* NewsDetailVC.swift in Sources */ = {isa = PBXBuildFile; fileRef = 113720A325F2770100663423 /* NewsDetailVC.swift */; };
		113720A725F2777500663423 /* GetRequests.swift in Sources */ = {isa = PBXBuildFile; fileRef = 113720A625F2777500663423 /* GetRequests.swift */; };
		113720AA25F2784600663423 /* NewsStruct.swift in Sources */ = {isa = PBXBuildFile; fileRef = 113720A925F2784500663423 /* NewsStruct.swift */; };
		113720AF25F27DEC00663423 /* MainNewsCell.swift in Sources */ = {isa = PBXBuildFile; fileRef = 113720AD25F27DEC00663423 /* MainNewsCell.swift */; };
		113720B025F27DEC00663423 /* MainNewsCell.xib in Resources */ = {isa = PBXBuildFile; fileRef = 113720AE25F27DEC00663423 /* MainNewsCell.xib */; };
		113720C425F2958D00663423 /* NewsViewModel.swift in Sources */ = {isa = PBXBuildFile; fileRef = 113720C325F2958D00663423 /* NewsViewModel.swift */; };
		1167781425F3E21700C10F3F /* DetailsCell.swift in Sources */ = {isa = PBXBuildFile; fileRef = 1167781225F3E21700C10F3F /* DetailsCell.swift */; };
		1167781525F3E21700C10F3F /* DetailsCell.xib in Resources */ = {isa = PBXBuildFile; fileRef = 1167781325F3E21700C10F3F /* DetailsCell.xib */; };
		1167781A25F3EB8000C10F3F /* NewsTextCell.swift in Sources */ = {isa = PBXBuildFile; fileRef = 1167781825F3EB8000C10F3F /* NewsTextCell.swift */; };
		1167781B25F3EB8000C10F3F /* NewsTextCell.xib in Resources */ = {isa = PBXBuildFile; fileRef = 1167781925F3EB8000C10F3F /* NewsTextCell.xib */; };
		116B216A25F273EA00019D69 /* AppDelegate.swift in Sources */ = {isa = PBXBuildFile; fileRef = 116B216925F273EA00019D69 /* AppDelegate.swift */; };
		116B216C25F273EA00019D69 /* SceneDelegate.swift in Sources */ = {isa = PBXBuildFile; fileRef = 116B216B25F273EA00019D69 /* SceneDelegate.swift */; };
		116B216E25F273EA00019D69 /* NewsHomeVC.swift in Sources */ = {isa = PBXBuildFile; fileRef = 116B216D25F273EA00019D69 /* NewsHomeVC.swift */; };
		116B217125F273EA00019D69 /* Main.storyboard in Resources */ = {isa = PBXBuildFile; fileRef = 116B216F25F273EA00019D69 /* Main.storyboard */; };
		116B217425F273EA00019D69 /* HaberlerNews.xcdatamodeld in Sources */ = {isa = PBXBuildFile; fileRef = 116B217225F273EA00019D69 /* HaberlerNews.xcdatamodeld */; };
		116B217625F273EC00019D69 /* Assets.xcassets in Resources */ = {isa = PBXBuildFile; fileRef = 116B217525F273EC00019D69 /* Assets.xcassets */; };
		116B217925F273EC00019D69 /* LaunchScreen.storyboard in Resources */ = {isa = PBXBuildFile; fileRef = 116B217725F273EC00019D69 /* LaunchScreen.storyboard */; };
		BCF967CE3E40AE70C997411A /* Pods_HaberlerNews.framework in Frameworks */ = {isa = PBXBuildFile; fileRef = 09746331B776339CA6641E91 /* Pods_HaberlerNews.framework */; };
/* End PBXBuildFile section */

/* Begin PBXFileReference section */
		09746331B776339CA6641E91 /* Pods_HaberlerNews.framework */ = {isa = PBXFileReference; explicitFileType = wrapper.framework; includeInIndex = 0; path = Pods_HaberlerNews.framework; sourceTree = BUILT_PRODUCTS_DIR; };
		113720A325F2770100663423 /* NewsDetailVC.swift */ = {isa = PBXFileReference; lastKnownFileType = sourcecode.swift; path = NewsDetailVC.swift; sourceTree = "<group>"; };
		113720A625F2777500663423 /* GetRequests.swift */ = {isa = PBXFileReference; lastKnownFileType = sourcecode.swift; path = GetRequests.swift; sourceTree = "<group>"; };
		113720A925F2784500663423 /* NewsStruct.swift */ = {isa = PBXFileReference; lastKnownFileType = sourcecode.swift; path = NewsStruct.swift; sourceTree = "<group>"; };
		113720AD25F27DEC00663423 /* MainNewsCell.swift */ = {isa = PBXFileReference; lastKnownFileType = sourcecode.swift; path = MainNewsCell.swift; sourceTree = "<group>"; };
		113720AE25F27DEC00663423 /* MainNewsCell.xib */ = {isa = PBXFileReference; lastKnownFileType = file.xib; path = MainNewsCell.xib; sourceTree = "<group>"; };
		113720C325F2958D00663423 /* NewsViewModel.swift */ = {isa = PBXFileReference; lastKnownFileType = sourcecode.swift; path = NewsViewModel.swift; sourceTree = "<group>"; };
		1167781225F3E21700C10F3F /* DetailsCell.swift */ = {isa = PBXFileReference; lastKnownFileType = sourcecode.swift; path = DetailsCell.swift; sourceTree = "<group>"; };
		1167781325F3E21700C10F3F /* DetailsCell.xib */ = {isa = PBXFileReference; lastKnownFileType = file.xib; path = DetailsCell.xib; sourceTree = "<group>"; };
		1167781825F3EB8000C10F3F /* NewsTextCell.swift */ = {isa = PBXFileReference; lastKnownFileType = sourcecode.swift; path = NewsTextCell.swift; sourceTree = "<group>"; };
		1167781925F3EB8000C10F3F /* NewsTextCell.xib */ = {isa = PBXFileReference; lastKnownFileType = file.xib; path = NewsTextCell.xib; sourceTree = "<group>"; };
		116B216625F273EA00019D69 /* HaberlerNews.app */ = {isa = PBXFileReference; explicitFileType = wrapper.application; includeInIndex = 0; path = HaberlerNews.app; sourceTree = BUILT_PRODUCTS_DIR; };
		116B216925F273EA00019D69 /* AppDelegate.swift */ = {isa = PBXFileReference; lastKnownFileType = sourcecode.swift; path = AppDelegate.swift; sourceTree = "<group>"; };
		116B216B25F273EA00019D69 /* SceneDelegate.swift */ = {isa = PBXFileReference; lastKnownFileType = sourcecode.swift; path = SceneDelegate.swift; sourceTree = "<group>"; };
		116B216D25F273EA00019D69 /* NewsHomeVC.swift */ = {isa = PBXFileReference; lastKnownFileType = sourcecode.swift; path = NewsHomeVC.swift; sourceTree = "<group>"; };
		116B217025F273EA00019D69 /* Base */ = {isa = PBXFileReference; lastKnownFileType = file.storyboard; name = Base; path = Base.lproj/Main.storyboard; sourceTree = "<group>"; };
		116B217325F273EA00019D69 /* HaberlerNews.xcdatamodel */ = {isa = PBXFileReference; lastKnownFileType = wrapper.xcdatamodel; path = HaberlerNews.xcdatamodel; sourceTree = "<group>"; };
		116B217525F273EC00019D69 /* Assets.xcassets */ = {isa = PBXFileReference; lastKnownFileType = folder.assetcatalog; path = Assets.xcassets; sourceTree = "<group>"; };
		116B217825F273EC00019D69 /* Base */ = {isa = PBXFileReference; lastKnownFileType = file.storyboard; name = Base; path = Base.lproj/LaunchScreen.storyboard; sourceTree = "<group>"; };
		116B217A25F273EC00019D69 /* Info.plist */ = {isa = PBXFileReference; lastKnownFileType = text.plist.xml; path = Info.plist; sourceTree = "<group>"; };
		A8845FE3ABC59A79CC8D0442 /* Pods-HaberlerNews.release.xcconfig */ = {isa = PBXFileReference; includeInIndex = 1; lastKnownFileType = text.xcconfig; name = "Pods-HaberlerNews.release.xcconfig"; path = "Target Support Files/Pods-HaberlerNews/Pods-HaberlerNews.release.xcconfig"; sourceTree = "<group>"; };
		B50D94F2D79AF1A4103039F0 /* Pods-HaberlerNews.debug.xcconfig */ = {isa = PBXFileReference; includeInIndex = 1; lastKnownFileType = text.xcconfig; name = "Pods-HaberlerNews.debug.xcconfig"; path = "Target Support Files/Pods-HaberlerNews/Pods-HaberlerNews.debug.xcconfig"; sourceTree = "<group>"; };
/* End PBXFileReference section */

/* Begin PBXFrameworksBuildPhase section */
		116B216325F273EA00019D69 /* Frameworks */ = {
			isa = PBXFrameworksBuildPhase;
			buildActionMask = 2147483647;
			files = (
				BCF967CE3E40AE70C997411A /* Pods_HaberlerNews.framework in Frameworks */,
			);
			runOnlyForDeploymentPostprocessing = 0;
		};
/* End PBXFrameworksBuildPhase section */

/* Begin PBXGroup section */
		113720B525F2806800663423 /* Model */ = {
			isa = PBXGroup;
			children = (
				113720A925F2784500663423 /* NewsStruct.swift */,
				113720C325F2958D00663423 /* NewsViewModel.swift */,
				116B217225F273EA00019D69 /* HaberlerNews.xcdatamodeld */,
			);
			path = Model;
			sourceTree = "<group>";
		};
		113720B625F2807400663423 /* Controller */ = {
			isa = PBXGroup;
			children = (
				113720A325F2770100663423 /* NewsDetailVC.swift */,
				116B216D25F273EA00019D69 /* NewsHomeVC.swift */,
			);
			path = Controller;
			sourceTree = "<group>";
		};
		113720B725F2808500663423 /* View */ = {
			isa = PBXGroup;
			children = (
				116B216F25F273EA00019D69 /* Main.storyboard */,
				116B217725F273EC00019D69 /* LaunchScreen.storyboard */,
				1167780425F380D000C10F3F /* Cells */,
			);
			path = View;
			sourceTree = "<group>";
		};
		113720BD25F28FA800663423 /* Service */ = {
			isa = PBXGroup;
			children = (
				113720A625F2777500663423 /* GetRequests.swift */,
			);
			path = Service;
			sourceTree = "<group>";
		};
		1167780425F380D000C10F3F /* Cells */ = {
			isa = PBXGroup;
			children = (
				1167781825F3EB8000C10F3F /* NewsTextCell.swift */,
				1167781925F3EB8000C10F3F /* NewsTextCell.xib */,
				1167781225F3E21700C10F3F /* DetailsCell.swift */,
				1167781325F3E21700C10F3F /* DetailsCell.xib */,
				113720AD25F27DEC00663423 /* MainNewsCell.swift */,
				113720AE25F27DEC00663423 /* MainNewsCell.xib */,
			);
			path = Cells;
			sourceTree = "<group>";
		};
		116B215D25F273EA00019D69 = {
			isa = PBXGroup;
			children = (
				116B216825F273EA00019D69 /* HaberlerNews */,
				116B216725F273EA00019D69 /* Products */,
				EA469E5F0EFFE0125EB4B0A7 /* Pods */,
				B12D5CAFB075725F477EF27D /* Frameworks */,
			);
			sourceTree = "<group>";
		};
		116B216725F273EA00019D69 /* Products */ = {
			isa = PBXGroup;
			children = (
				116B216625F273EA00019D69 /* HaberlerNews.app */,
			);
			name = Products;
			sourceTree = "<group>";
		};
		116B216825F273EA00019D69 /* HaberlerNews */ = {
			isa = PBXGroup;
			children = (
				113720BD25F28FA800663423 /* Service */,
				113720B725F2808500663423 /* View */,
				113720B625F2807400663423 /* Controller */,
				113720B525F2806800663423 /* Model */,
				11751BD125F558B60088547B /* Others */,
				116B217525F273EC00019D69 /* Assets.xcassets */,
				116B217A25F273EC00019D69 /* Info.plist */,
			);
			path = HaberlerNews;
			sourceTree = "<group>";
		};
		11751BD125F558B60088547B /* Others */ = {
			isa = PBXGroup;
			children = (
				116B216925F273EA00019D69 /* AppDelegate.swift */,
				116B216B25F273EA00019D69 /* SceneDelegate.swift */,
			);
			path = Others;
			sourceTree = "<group>";
		};
		B12D5CAFB075725F477EF27D /* Frameworks */ = {
			isa = PBXGroup;
			children = (
				09746331B776339CA6641E91 /* Pods_HaberlerNews.framework */,
			);
			name = Frameworks;
			sourceTree = "<group>";
		};
		EA469E5F0EFFE0125EB4B0A7 /* Pods */ = {
			isa = PBXGroup;
			children = (
				B50D94F2D79AF1A4103039F0 /* Pods-HaberlerNews.debug.xcconfig */,
				A8845FE3ABC59A79CC8D0442 /* Pods-HaberlerNews.release.xcconfig */,
			);
			path = Pods;
			sourceTree = "<group>";
		};
/* End PBXGroup section */

/* Begin PBXNativeTarget section */
		116B216525F273EA00019D69 /* HaberlerNews */ = {
			isa = PBXNativeTarget;
			buildConfigurationList = 116B217D25F273EC00019D69 /* Build configuration list for PBXNativeTarget "HaberlerNews" */;
			buildPhases = (
				BD754FA9EBE1931DAE578E50 /* [CP] Check Pods Manifest.lock */,
				116B216225F273EA00019D69 /* Sources */,
				116B216325F273EA00019D69 /* Frameworks */,
				116B216425F273EA00019D69 /* Resources */,
				A3EF31BF42C5A19783D70010 /* [CP] Embed Pods Frameworks */,
			);
			buildRules = (
			);
			dependencies = (
			);
			name = HaberlerNews;
			productName = HaberlerNews;
			productReference = 116B216625F273EA00019D69 /* HaberlerNews.app */;
			productType = "com.apple.product-type.application";
		};
/* End PBXNativeTarget section */

/* Begin PBXProject section */
		116B215E25F273EA00019D69 /* Project object */ = {
			isa = PBXProject;
			attributes = {
				LastSwiftUpdateCheck = 1240;
				LastUpgradeCheck = 1240;
				TargetAttributes = {
					116B216525F273EA00019D69 = {
						CreatedOnToolsVersion = 12.4;
					};
				};
			};
			buildConfigurationList = 116B216125F273EA00019D69 /* Build configuration list for PBXProject "HaberlerNews" */;
			compatibilityVersion = "Xcode 9.3";
			developmentRegion = en;
			hasScannedForEncodings = 0;
			knownRegions = (
				en,
				Base,
			);
			mainGroup = 116B215D25F273EA00019D69;
			productRefGroup = 116B216725F273EA00019D69 /* Products */;
			projectDirPath = "";
			projectRoot = "";
			targets = (
				116B216525F273EA00019D69 /* HaberlerNews */,
			);
		};
/* End PBXProject section */

/* Begin PBXResourcesBuildPhase section */
		116B216425F273EA00019D69 /* Resources */ = {
			isa = PBXResourcesBuildPhase;
			buildActionMask = 2147483647;
			files = (
				116B217925F273EC00019D69 /* LaunchScreen.storyboard in Resources */,
				116B217625F273EC00019D69 /* Assets.xcassets in Resources */,
				116B217125F273EA00019D69 /* Main.storyboard in Resources */,
				1167781525F3E21700C10F3F /* DetailsCell.xib in Resources */,
				113720B025F27DEC00663423 /* MainNewsCell.xib in Resources */,
				1167781B25F3EB8000C10F3F /* NewsTextCell.xib in Resources */,
			);
			runOnlyForDeploymentPostprocessing = 0;
		};
/* End PBXResourcesBuildPhase section */

/* Begin PBXShellScriptBuildPhase section */
		A3EF31BF42C5A19783D70010 /* [CP] Embed Pods Frameworks */ = {
			isa = PBXShellScriptBuildPhase;
			buildActionMask = 2147483647;
			files = (
			);
			inputFileListPaths = (
				"${PODS_ROOT}/Target Support Files/Pods-HaberlerNews/Pods-HaberlerNews-frameworks-${CONFIGURATION}-input-files.xcfilelist",
			);
			name = "[CP] Embed Pods Frameworks";
			outputFileListPaths = (
				"${PODS_ROOT}/Target Support Files/Pods-HaberlerNews/Pods-HaberlerNews-frameworks-${CONFIGURATION}-output-files.xcfilelist",
			);
			runOnlyForDeploymentPostprocessing = 0;
			shellPath = /bin/sh;
			shellScript = "\"${PODS_ROOT}/Target Support Files/Pods-HaberlerNews/Pods-HaberlerNews-frameworks.sh\"\n";
			showEnvVarsInLog = 0;
		};
		BD754FA9EBE1931DAE578E50 /* [CP] Check Pods Manifest.lock */ = {
			isa = PBXShellScriptBuildPhase;
			buildActionMask = 2147483647;
			files = (
			);
			inputFileListPaths = (
			);
			inputPaths = (
				"${PODS_PODFILE_DIR_PATH}/Podfile.lock",
				"${PODS_ROOT}/Manifest.lock",
			);
			name = "[CP] Check Pods Manifest.lock";
			outputFileListPaths = (
			);
			outputPaths = (
				"$(DERIVED_FILE_DIR)/Pods-HaberlerNews-checkManifestLockResult.txt",
			);
			runOnlyForDeploymentPostprocessing = 0;
			shellPath = /bin/sh;
			shellScript = "diff \"${PODS_PODFILE_DIR_PATH}/Podfile.lock\" \"${PODS_ROOT}/Manifest.lock\" > /dev/null\nif [ $? != 0 ] ; then\n    # print error to STDERR\n    echo \"error: The sandbox is not in sync with the Podfile.lock. Run 'pod install' or update your CocoaPods installation.\" >&2\n    exit 1\nfi\n# This output is used by Xcode 'outputs' to avoid re-running this script phase.\necho \"SUCCESS\" > \"${SCRIPT_OUTPUT_FILE_0}\"\n";
			showEnvVarsInLog = 0;
		};
/* End PBXShellScriptBuildPhase section */

/* Begin PBXSourcesBuildPhase section */
		116B216225F273EA00019D69 /* Sources */ = {
			isa = PBXSourcesBuildPhase;
			buildActionMask = 2147483647;
			files = (
				113720A425F2770100663423 /* NewsDetailVC.swift in Sources */,
				113720C425F2958D00663423 /* NewsViewModel.swift in Sources */,
				1167781425F3E21700C10F3F /* DetailsCell.swift in Sources */,
				116B216E25F273EA00019D69 /* NewsHomeVC.swift in Sources */,
				113720AA25F2784600663423 /* NewsStruct.swift in Sources */,
				116B216A25F273EA00019D69 /* AppDelegate.swift in Sources */,
				116B216C25F273EA00019D69 /* SceneDelegate.swift in Sources */,
				1167781A25F3EB8000C10F3F /* NewsTextCell.swift in Sources */,
				113720A725F2777500663423 /* GetRequests.swift in Sources */,
				116B217425F273EA00019D69 /* HaberlerNews.xcdatamodeld in Sources */,
				113720AF25F27DEC00663423 /* MainNewsCell.swift in Sources */,
			);
			runOnlyForDeploymentPostprocessing = 0;
		};
/* End PBXSourcesBuildPhase section */

/* Begin PBXVariantGroup section */
		116B216F25F273EA00019D69 /* Main.storyboard */ = {
			isa = PBXVariantGroup;
			children = (
				116B217025F273EA00019D69 /* Base */,
			);
			name = Main.storyboard;
			sourceTree = "<group>";
		};
		116B217725F273EC00019D69 /* LaunchScreen.storyboard */ = {
			isa = PBXVariantGroup;
			children = (
				116B217825F273EC00019D69 /* Base */,
			);
			name = LaunchScreen.storyboard;
			sourceTree = "<group>";
		};
/* End PBXVariantGroup section */

/* Begin XCBuildConfiguration section */
		116B217B25F273EC00019D69 /* Debug */ = {
			isa = XCBuildConfiguration;
			buildSettings = {
				ALWAYS_SEARCH_USER_PATHS = NO;
				CLANG_ANALYZER_NONNULL = YES;
				CLANG_ANALYZER_NUMBER_OBJECT_CONVERSION = YES_AGGRESSIVE;
				CLANG_CXX_LANGUAGE_STANDARD = "gnu++14";
				CLANG_CXX_LIBRARY = "libc++";
				CLANG_ENABLE_MODULES = YES;
				CLANG_ENABLE_OBJC_ARC = YES;
				CLANG_ENABLE_OBJC_WEAK = YES;
				CLANG_WARN_BLOCK_CAPTURE_AUTORELEASING = YES;
				CLANG_WARN_BOOL_CONVERSION = YES;
				CLANG_WARN_COMMA = YES;
				CLANG_WARN_CONSTANT_CONVERSION = YES;
				CLANG_WARN_DEPRECATED_OBJC_IMPLEMENTATIONS = YES;
				CLANG_WARN_DIRECT_OBJC_ISA_USAGE = YES_ERROR;
				CLANG_WARN_DOCUMENTATION_COMMENTS = YES;
				CLANG_WARN_EMPTY_BODY = YES;
				CLANG_WARN_ENUM_CONVERSION = YES;
				CLANG_WARN_INFINITE_RECURSION = YES;
				CLANG_WARN_INT_CONVERSION = YES;
				CLANG_WARN_NON_LITERAL_NULL_CONVERSION = YES;
				CLANG_WARN_OBJC_IMPLICIT_RETAIN_SELF = YES;
				CLANG_WARN_OBJC_LITERAL_CONVERSION = YES;
				CLANG_WARN_OBJC_ROOT_CLASS = YES_ERROR;
				CLANG_WARN_QUOTED_INCLUDE_IN_FRAMEWORK_HEADER = YES;
				CLANG_WARN_RANGE_LOOP_ANALYSIS = YES;
				CLANG_WARN_STRICT_PROTOTYPES = YES;
				CLANG_WARN_SUSPICIOUS_MOVE = YES;
				CLANG_WARN_UNGUARDED_AVAILABILITY = YES_AGGRESSIVE;
				CLANG_WARN_UNREACHABLE_CODE = YES;
				CLANG_WARN__DUPLICATE_METHOD_MATCH = YES;
				COPY_PHASE_STRIP = NO;
				DEBUG_INFORMATION_FORMAT = dwarf;
				ENABLE_STRICT_OBJC_MSGSEND = YES;
				ENABLE_TESTABILITY = YES;
				GCC_C_LANGUAGE_STANDARD = gnu11;
				GCC_DYNAMIC_NO_PIC = NO;
				GCC_NO_COMMON_BLOCKS = YES;
				GCC_OPTIMIZATION_LEVEL = 0;
				GCC_PREPROCESSOR_DEFINITIONS = (
					"DEBUG=1",
					"$(inherited)",
				);
				GCC_WARN_64_TO_32_BIT_CONVERSION = YES;
				GCC_WARN_ABOUT_RETURN_TYPE = YES_ERROR;
				GCC_WARN_UNDECLARED_SELECTOR = YES;
				GCC_WARN_UNINITIALIZED_AUTOS = YES_AGGRESSIVE;
				GCC_WARN_UNUSED_FUNCTION = YES;
				GCC_WARN_UNUSED_VARIABLE = YES;
				IPHONEOS_DEPLOYMENT_TARGET = 14.4;
				MTL_ENABLE_DEBUG_INFO = INCLUDE_SOURCE;
				MTL_FAST_MATH = YES;
				ONLY_ACTIVE_ARCH = YES;
				SDKROOT = iphoneos;
				SWIFT_ACTIVE_COMPILATION_CONDITIONS = DEBUG;
				SWIFT_OPTIMIZATION_LEVEL = "-Onone";
			};
			name = Debug;
		};
		116B217C25F273EC00019D69 /* Release */ = {
			isa = XCBuildConfiguration;
			buildSettings = {
				ALWAYS_SEARCH_USER_PATHS = NO;
				CLANG_ANALYZER_NONNULL = YES;
				CLANG_ANALYZER_NUMBER_OBJECT_CONVERSION = YES_AGGRESSIVE;
				CLANG_CXX_LANGUAGE_STANDARD = "gnu++14";
				CLANG_CXX_LIBRARY = "libc++";
				CLANG_ENABLE_MODULES = YES;
				CLANG_ENABLE_OBJC_ARC = YES;
				CLANG_ENABLE_OBJC_WEAK = YES;
				CLANG_WARN_BLOCK_CAPTURE_AUTORELEASING = YES;
				CLANG_WARN_BOOL_CONVERSION = YES;
				CLANG_WARN_COMMA = YES;
				CLANG_WARN_CONSTANT_CONVERSION = YES;
				CLANG_WARN_DEPRECATED_OBJC_IMPLEMENTATIONS = YES;
				CLANG_WARN_DIRECT_OBJC_ISA_USAGE = YES_ERROR;
				CLANG_WARN_DOCUMENTATION_COMMENTS = YES;
				CLANG_WARN_EMPTY_BODY = YES;
				CLANG_WARN_ENUM_CONVERSION = YES;
				CLANG_WARN_INFINITE_RECURSION = YES;
				CLANG_WARN_INT_CONVERSION = YES;
				CLANG_WARN_NON_LITERAL_NULL_CONVERSION = YES;
				CLANG_WARN_OBJC_IMPLICIT_RETAIN_SELF = YES;
				CLANG_WARN_OBJC_LITERAL_CONVERSION = YES;
				CLANG_WARN_OBJC_ROOT_CLASS = YES_ERROR;
				CLANG_WARN_QUOTED_INCLUDE_IN_FRAMEWORK_HEADER = YES;
				CLANG_WARN_RANGE_LOOP_ANALYSIS = YES;
				CLANG_WARN_STRICT_PROTOTYPES = YES;
				CLANG_WARN_SUSPICIOUS_MOVE = YES;
				CLANG_WARN_UNGUARDED_AVAILABILITY = YES_AGGRESSIVE;
				CLANG_WARN_UNREACHABLE_CODE = YES;
				CLANG_WARN__DUPLICATE_METHOD_MATCH = YES;
				COPY_PHASE_STRIP = NO;
				DEBUG_INFORMATION_FORMAT = "dwarf-with-dsym";
				ENABLE_NS_ASSERTIONS = NO;
				ENABLE_STRICT_OBJC_MSGSEND = YES;
				GCC_C_LANGUAGE_STANDARD = gnu11;
				GCC_NO_COMMON_BLOCKS = YES;
				GCC_WARN_64_TO_32_BIT_CONVERSION = YES;
				GCC_WARN_ABOUT_RETURN_TYPE = YES_ERROR;
				GCC_WARN_UNDECLARED_SELECTOR = YES;
				GCC_WARN_UNINITIALIZED_AUTOS = YES_AGGRESSIVE;
				GCC_WARN_UNUSED_FUNCTION = YES;
				GCC_WARN_UNUSED_VARIABLE = YES;
				IPHONEOS_DEPLOYMENT_TARGET = 14.4;
				MTL_ENABLE_DEBUG_INFO = NO;
				MTL_FAST_MATH = YES;
				SDKROOT = iphoneos;
				SWIFT_COMPILATION_MODE = wholemodule;
				SWIFT_OPTIMIZATION_LEVEL = "-O";
				VALIDATE_PRODUCT = YES;
			};
			name = Release;
		};
		116B217E25F273EC00019D69 /* Debug */ = {
			isa = XCBuildConfiguration;
			baseConfigurationReference = B50D94F2D79AF1A4103039F0 /* Pods-HaberlerNews.debug.xcconfig */;
			buildSettings = {
				ASSETCATALOG_COMPILER_APPICON_NAME = AppIcon;
				ASSETCATALOG_COMPILER_GLOBAL_ACCENT_COLOR_NAME = AccentColor;
				CODE_SIGN_STYLE = Automatic;
				DEVELOPMENT_TEAM = 89685536Y6;
				INFOPLIST_FILE = HaberlerNews/Info.plist;
				LD_RUNPATH_SEARCH_PATHS = (
					"$(inherited)",
					"@executable_path/Frameworks",
				);
				PRODUCT_BUNDLE_IDENTIFIER = com.umutsever.HaberlerNews;
				PRODUCT_NAME = "$(TARGET_NAME)";
				SWIFT_VERSION = 5.0;
				TARGETED_DEVICE_FAMILY = "1,2";
			};
			name = Debug;
		};
		116B217F25F273EC00019D69 /* Release */ = {
			isa = XCBuildConfiguration;
			baseConfigurationReference = A8845FE3ABC59A79CC8D0442 /* Pods-HaberlerNews.release.xcconfig */;
			buildSettings = {
				ASSETCATALOG_COMPILER_APPICON_NAME = AppIcon;
				ASSETCATALOG_COMPILER_GLOBAL_ACCENT_COLOR_NAME = AccentColor;
				CODE_SIGN_STYLE = Automatic;
				DEVELOPMENT_TEAM = 89685536Y6;
				INFOPLIST_FILE = HaberlerNews/Info.plist;
				LD_RUNPATH_SEARCH_PATHS = (
					"$(inherited)",
					"@executable_path/Frameworks",
				);
				PRODUCT_BUNDLE_IDENTIFIER = com.umutsever.HaberlerNews;
				PRODUCT_NAME = "$(TARGET_NAME)";
				SWIFT_VERSION = 5.0;
				TARGETED_DEVICE_FAMILY = "1,2";
			};
			name = Release;
		};
/* End XCBuildConfiguration section */

/* Begin XCConfigurationList section */
		116B216125F273EA00019D69 /* Build configuration list for PBXProject "HaberlerNews" */ = {
			isa = XCConfigurationList;
			buildConfigurations = (
				116B217B25F273EC00019D69 /* Debug */,
				116B217C25F273EC00019D69 /* Release */,
			);
			defaultConfigurationIsVisible = 0;
			defaultConfigurationName = Release;
		};
		116B217D25F273EC00019D69 /* Build configuration list for PBXNativeTarget "HaberlerNews" */ = {
			isa = XCConfigurationList;
			buildConfigurations = (
				116B217E25F273EC00019D69 /* Debug */,
				116B217F25F273EC00019D69 /* Release */,
			);
			defaultConfigurationIsVisible = 0;
			defaultConfigurationName = Release;
		};
/* End XCConfigurationList section */

/* Begin XCVersionGroup section */
		116B217225F273EA00019D69 /* HaberlerNews.xcdatamodeld */ = {
			isa = XCVersionGroup;
			children = (
				116B217325F273EA00019D69 /* HaberlerNews.xcdatamodel */,
			);
			currentVersion = 116B217325F273EA00019D69 /* HaberlerNews.xcdatamodel */;
			path = HaberlerNews.xcdatamodeld;
			sourceTree = "<group>";
			versionGroupType = wrapper.xcdatamodel;
		};
/* End XCVersionGroup section */
	};
	rootObject = 116B215E25F273EA00019D69 /* Project object */;
}
